// !$*UTF8*$!
{
	archiveVersion = 1;
	classes = {
	};
	objectVersion = 50;
	objects = {

/* Begin PBXBuildFile section */
		38B66CA72562FC5E00448307 /* BabyColors WatchKit App.app in Embed Watch Content */ = {isa = PBXBuildFile; fileRef = 38B66CA62562FC5E00448307 /* BabyColors WatchKit App.app */; settings = {ATTRIBUTES = (RemoveHeadersOnCopy, ); }; };
		38B66CAC2562FC6000448307 /* Assets.xcassets in Resources */ = {isa = PBXBuildFile; fileRef = 38B66CAB2562FC6000448307 /* Assets.xcassets */; };
		38B66CB32562FC6000448307 /* BabyColors WatchKit Extension.appex in Embed App Extensions */ = {isa = PBXBuildFile; fileRef = 38B66CB22562FC6000448307 /* BabyColors WatchKit Extension.appex */; settings = {ATTRIBUTES = (RemoveHeadersOnCopy, ); }; };
		38B66CB82562FC6000448307 /* BabyColorsApp.swift in Sources */ = {isa = PBXBuildFile; fileRef = 38B66CB72562FC6000448307 /* BabyColorsApp.swift */; };
		38B66CBA2562FC6000448307 /* ContentView.swift in Sources */ = {isa = PBXBuildFile; fileRef = 38B66CB92562FC6000448307 /* ContentView.swift */; };
		38B66CBC2562FC6000448307 /* NotificationController.swift in Sources */ = {isa = PBXBuildFile; fileRef = 38B66CBB2562FC6000448307 /* NotificationController.swift */; };
		38B66CBE2562FC6000448307 /* NotificationView.swift in Sources */ = {isa = PBXBuildFile; fileRef = 38B66CBD2562FC6000448307 /* NotificationView.swift */; };
		38B66CC02562FC6000448307 /* ComplicationController.swift in Sources */ = {isa = PBXBuildFile; fileRef = 38B66CBF2562FC6000448307 /* ComplicationController.swift */; };
		38B66CC22562FC6100448307 /* Assets.xcassets in Resources */ = {isa = PBXBuildFile; fileRef = 38B66CC12562FC6100448307 /* Assets.xcassets */; };
		38B66CC52562FC6100448307 /* Preview Assets.xcassets in Resources */ = {isa = PBXBuildFile; fileRef = 38B66CC42562FC6100448307 /* Preview Assets.xcassets */; };
/* End PBXBuildFile section */

/* Begin PBXContainerItemProxy section */
		38B66CA82562FC5E00448307 /* PBXContainerItemProxy */ = {
			isa = PBXContainerItemProxy;
			containerPortal = 38B66C9C2562FC5D00448307 /* Project object */;
			proxyType = 1;
			remoteGlobalIDString = 38B66CA52562FC5E00448307;
			remoteInfo = "BabyColors WatchKit App";
		};
		38B66CB42562FC6000448307 /* PBXContainerItemProxy */ = {
			isa = PBXContainerItemProxy;
			containerPortal = 38B66C9C2562FC5D00448307 /* Project object */;
			proxyType = 1;
			remoteGlobalIDString = 38B66CB12562FC6000448307;
			remoteInfo = "BabyColors WatchKit Extension";
		};
/* End PBXContainerItemProxy section */

/* Begin PBXCopyFilesBuildPhase section */
		38B66CCD2562FC6100448307 /* Embed App Extensions */ = {
			isa = PBXCopyFilesBuildPhase;
			buildActionMask = 2147483647;
			dstPath = "";
			dstSubfolderSpec = 13;
			files = (
				38B66CB32562FC6000448307 /* BabyColors WatchKit Extension.appex in Embed App Extensions */,
			);
			name = "Embed App Extensions";
			runOnlyForDeploymentPostprocessing = 0;
		};
		38B66CD12562FC6100448307 /* Embed Watch Content */ = {
			isa = PBXCopyFilesBuildPhase;
			buildActionMask = 2147483647;
			dstPath = "$(CONTENTS_FOLDER_PATH)/Watch";
			dstSubfolderSpec = 16;
			files = (
				38B66CA72562FC5E00448307 /* BabyColors WatchKit App.app in Embed Watch Content */,
			);
			name = "Embed Watch Content";
			runOnlyForDeploymentPostprocessing = 0;
		};
/* End PBXCopyFilesBuildPhase section */

/* Begin PBXFileReference section */
		38B66CA22562FC5D00448307 /* BabyColors.app */ = {isa = PBXFileReference; explicitFileType = wrapper.application; includeInIndex = 0; path = BabyColors.app; sourceTree = BUILT_PRODUCTS_DIR; };
		38B66CA62562FC5E00448307 /* BabyColors WatchKit App.app */ = {isa = PBXFileReference; explicitFileType = wrapper.application; includeInIndex = 0; path = "BabyColors WatchKit App.app"; sourceTree = BUILT_PRODUCTS_DIR; };
		38B66CAB2562FC6000448307 /* Assets.xcassets */ = {isa = PBXFileReference; lastKnownFileType = folder.assetcatalog; path = Assets.xcassets; sourceTree = "<group>"; };
		38B66CAD2562FC6000448307 /* Info.plist */ = {isa = PBXFileReference; lastKnownFileType = text.plist.xml; path = Info.plist; sourceTree = "<group>"; };
		38B66CB22562FC6000448307 /* BabyColors WatchKit Extension.appex */ = {isa = PBXFileReference; explicitFileType = "wrapper.app-extension"; includeInIndex = 0; path = "BabyColors WatchKit Extension.appex"; sourceTree = BUILT_PRODUCTS_DIR; };
		38B66CB72562FC6000448307 /* BabyColorsApp.swift */ = {isa = PBXFileReference; lastKnownFileType = sourcecode.swift; path = BabyColorsApp.swift; sourceTree = "<group>"; };
		38B66CB92562FC6000448307 /* ContentView.swift */ = {isa = PBXFileReference; lastKnownFileType = sourcecode.swift; path = ContentView.swift; sourceTree = "<group>"; };
		38B66CBB2562FC6000448307 /* NotificationController.swift */ = {isa = PBXFileReference; lastKnownFileType = sourcecode.swift; path = NotificationController.swift; sourceTree = "<group>"; };
		38B66CBD2562FC6000448307 /* NotificationView.swift */ = {isa = PBXFileReference; lastKnownFileType = sourcecode.swift; path = NotificationView.swift; sourceTree = "<group>"; };
		38B66CBF2562FC6000448307 /* ComplicationController.swift */ = {isa = PBXFileReference; lastKnownFileType = sourcecode.swift; path = ComplicationController.swift; sourceTree = "<group>"; };
		38B66CC12562FC6100448307 /* Assets.xcassets */ = {isa = PBXFileReference; lastKnownFileType = folder.assetcatalog; path = Assets.xcassets; sourceTree = "<group>"; };
		38B66CC42562FC6100448307 /* Preview Assets.xcassets */ = {isa = PBXFileReference; lastKnownFileType = folder.assetcatalog; path = "Preview Assets.xcassets"; sourceTree = "<group>"; };
		38B66CC62562FC6100448307 /* Info.plist */ = {isa = PBXFileReference; lastKnownFileType = text.plist.xml; path = Info.plist; sourceTree = "<group>"; };
		38B66CC72562FC6100448307 /* PushNotificationPayload.apns */ = {isa = PBXFileReference; lastKnownFileType = text; path = PushNotificationPayload.apns; sourceTree = "<group>"; };
/* End PBXFileReference section */

/* Begin PBXFrameworksBuildPhase section */
		38B66CAF2562FC6000448307 /* Frameworks */ = {
			isa = PBXFrameworksBuildPhase;
			buildActionMask = 2147483647;
			files = (
			);
			runOnlyForDeploymentPostprocessing = 0;
		};
/* End PBXFrameworksBuildPhase section */

/* Begin PBXGroup section */
		38B66C9B2562FC5D00448307 = {
			isa = PBXGroup;
			children = (
				38B66CAA2562FC5E00448307 /* BabyColors WatchKit App */,
				38B66CB62562FC6000448307 /* BabyColors WatchKit Extension */,
				38B66CA32562FC5D00448307 /* Products */,
			);
			sourceTree = "<group>";
		};
		38B66CA32562FC5D00448307 /* Products */ = {
			isa = PBXGroup;
			children = (
				38B66CA22562FC5D00448307 /* BabyColors.app */,
				38B66CA62562FC5E00448307 /* BabyColors WatchKit App.app */,
				38B66CB22562FC6000448307 /* BabyColors WatchKit Extension.appex */,
			);
			name = Products;
			sourceTree = "<group>";
		};
		38B66CAA2562FC5E00448307 /* BabyColors WatchKit App */ = {
			isa = PBXGroup;
			children = (
				38B66CAB2562FC6000448307 /* Assets.xcassets */,
				38B66CAD2562FC6000448307 /* Info.plist */,
			);
			path = "BabyColors WatchKit App";
			sourceTree = "<group>";
		};
		38B66CB62562FC6000448307 /* BabyColors WatchKit Extension */ = {
			isa = PBXGroup;
			children = (
				38B66CB72562FC6000448307 /* BabyColorsApp.swift */,
				38B66CB92562FC6000448307 /* ContentView.swift */,
				38B66CBB2562FC6000448307 /* NotificationController.swift */,
				38B66CBD2562FC6000448307 /* NotificationView.swift */,
				38B66CBF2562FC6000448307 /* ComplicationController.swift */,
				38B66CC12562FC6100448307 /* Assets.xcassets */,
				38B66CC62562FC6100448307 /* Info.plist */,
				38B66CC72562FC6100448307 /* PushNotificationPayload.apns */,
				38B66CC32562FC6100448307 /* Preview Content */,
			);
			path = "BabyColors WatchKit Extension";
			sourceTree = "<group>";
		};
		38B66CC32562FC6100448307 /* Preview Content */ = {
			isa = PBXGroup;
			children = (
				38B66CC42562FC6100448307 /* Preview Assets.xcassets */,
			);
			path = "Preview Content";
			sourceTree = "<group>";
		};
/* End PBXGroup section */

/* Begin PBXNativeTarget section */
		38B66CA12562FC5D00448307 /* BabyColors */ = {
			isa = PBXNativeTarget;
			buildConfigurationList = 38B66CD22562FC6100448307 /* Build configuration list for PBXNativeTarget "BabyColors" */;
			buildPhases = (
				38B66CA02562FC5D00448307 /* Resources */,
				38B66CD12562FC6100448307 /* Embed Watch Content */,
			);
			buildRules = (
			);
			dependencies = (
				38B66CA92562FC5E00448307 /* PBXTargetDependency */,
			);
			name = BabyColors;
			productName = BabyColors;
			productReference = 38B66CA22562FC5D00448307 /* BabyColors.app */;
			productType = "com.apple.product-type.application.watchapp2-container";
		};
		38B66CA52562FC5E00448307 /* BabyColors WatchKit App */ = {
			isa = PBXNativeTarget;
			buildConfigurationList = 38B66CCE2562FC6100448307 /* Build configuration list for PBXNativeTarget "BabyColors WatchKit App" */;
			buildPhases = (
				38B66CA42562FC5E00448307 /* Resources */,
				38B66CCD2562FC6100448307 /* Embed App Extensions */,
			);
			buildRules = (
			);
			dependencies = (
				38B66CB52562FC6000448307 /* PBXTargetDependency */,
			);
			name = "BabyColors WatchKit App";
			productName = "BabyColors WatchKit App";
			productReference = 38B66CA62562FC5E00448307 /* BabyColors WatchKit App.app */;
			productType = "com.apple.product-type.application.watchapp2";
		};
		38B66CB12562FC6000448307 /* BabyColors WatchKit Extension */ = {
			isa = PBXNativeTarget;
			buildConfigurationList = 38B66CCA2562FC6100448307 /* Build configuration list for PBXNativeTarget "BabyColors WatchKit Extension" */;
			buildPhases = (
				38B66CAE2562FC6000448307 /* Sources */,
				38B66CAF2562FC6000448307 /* Frameworks */,
				38B66CB02562FC6000448307 /* Resources */,
			);
			buildRules = (
			);
			dependencies = (
			);
			name = "BabyColors WatchKit Extension";
			productName = "BabyColors WatchKit Extension";
			productReference = 38B66CB22562FC6000448307 /* BabyColors WatchKit Extension.appex */;
			productType = "com.apple.product-type.watchkit2-extension";
		};
/* End PBXNativeTarget section */

/* Begin PBXProject section */
		38B66C9C2562FC5D00448307 /* Project object */ = {
			isa = PBXProject;
			attributes = {
				LastSwiftUpdateCheck = 1220;
				LastUpgradeCheck = 1220;
				TargetAttributes = {
					38B66CA12562FC5D00448307 = {
						CreatedOnToolsVersion = 12.2;
					};
					38B66CA52562FC5E00448307 = {
						CreatedOnToolsVersion = 12.2;
					};
					38B66CB12562FC6000448307 = {
						CreatedOnToolsVersion = 12.2;
					};
				};
			};
			buildConfigurationList = 38B66C9F2562FC5D00448307 /* Build configuration list for PBXProject "BabyColors" */;
			compatibilityVersion = "Xcode 9.3";
			developmentRegion = en;
			hasScannedForEncodings = 0;
			knownRegions = (
				en,
				Base,
			);
			mainGroup = 38B66C9B2562FC5D00448307;
			productRefGroup = 38B66CA32562FC5D00448307 /* Products */;
			projectDirPath = "";
			projectRoot = "";
			targets = (
				38B66CA12562FC5D00448307 /* BabyColors */,
				38B66CA52562FC5E00448307 /* BabyColors WatchKit App */,
				38B66CB12562FC6000448307 /* BabyColors WatchKit Extension */,
			);
		};
/* End PBXProject section */

/* Begin PBXResourcesBuildPhase section */
		38B66CA02562FC5D00448307 /* Resources */ = {
			isa = PBXResourcesBuildPhase;
			buildActionMask = 2147483647;
			files = (
			);
			runOnlyForDeploymentPostprocessing = 0;
		};
		38B66CA42562FC5E00448307 /* Resources */ = {
			isa = PBXResourcesBuildPhase;
			buildActionMask = 2147483647;
			files = (
				38B66CAC2562FC6000448307 /* Assets.xcassets in Resources */,
			);
			runOnlyForDeploymentPostprocessing = 0;
		};
		38B66CB02562FC6000448307 /* Resources */ = {
			isa = PBXResourcesBuildPhase;
			buildActionMask = 2147483647;
			files = (
				38B66CC52562FC6100448307 /* Preview Assets.xcassets in Resources */,
				38B66CC22562FC6100448307 /* Assets.xcassets in Resources */,
			);
			runOnlyForDeploymentPostprocessing = 0;
		};
/* End PBXResourcesBuildPhase section */

/* Begin PBXSourcesBuildPhase section */
		38B66CAE2562FC6000448307 /* Sources */ = {
			isa = PBXSourcesBuildPhase;
			buildActionMask = 2147483647;
			files = (
				38B66CBC2562FC6000448307 /* NotificationController.swift in Sources */,
				38B66CBA2562FC6000448307 /* ContentView.swift in Sources */,
				38B66CC02562FC6000448307 /* ComplicationController.swift in Sources */,
				38B66CB82562FC6000448307 /* BabyColorsApp.swift in Sources */,
				38B66CBE2562FC6000448307 /* NotificationView.swift in Sources */,
			);
			runOnlyForDeploymentPostprocessing = 0;
		};
/* End PBXSourcesBuildPhase section */

/* Begin PBXTargetDependency section */
		38B66CA92562FC5E00448307 /* PBXTargetDependency */ = {
			isa = PBXTargetDependency;
			target = 38B66CA52562FC5E00448307 /* BabyColors WatchKit App */;
			targetProxy = 38B66CA82562FC5E00448307 /* PBXContainerItemProxy */;
		};
		38B66CB52562FC6000448307 /* PBXTargetDependency */ = {
			isa = PBXTargetDependency;
			target = 38B66CB12562FC6000448307 /* BabyColors WatchKit Extension */;
			targetProxy = 38B66CB42562FC6000448307 /* PBXContainerItemProxy */;
		};
/* End PBXTargetDependency section */

/* Begin XCBuildConfiguration section */
		38B66CC82562FC6100448307 /* Debug */ = {
			isa = XCBuildConfiguration;
			buildSettings = {
				ALWAYS_SEARCH_USER_PATHS = NO;
				CLANG_ANALYZER_NONNULL = YES;
				CLANG_ANALYZER_NUMBER_OBJECT_CONVERSION = YES_AGGRESSIVE;
				CLANG_CXX_LANGUAGE_STANDARD = "gnu++14";
				CLANG_CXX_LIBRARY = "libc++";
				CLANG_ENABLE_MODULES = YES;
				CLANG_ENABLE_OBJC_ARC = YES;
				CLANG_ENABLE_OBJC_WEAK = YES;
				CLANG_WARN_BLOCK_CAPTURE_AUTORELEASING = YES;
				CLANG_WARN_BOOL_CONVERSION = YES;
				CLANG_WARN_COMMA = YES;
				CLANG_WARN_CONSTANT_CONVERSION = YES;
				CLANG_WARN_DEPRECATED_OBJC_IMPLEMENTATIONS = YES;
				CLANG_WARN_DIRECT_OBJC_ISA_USAGE = YES_ERROR;
				CLANG_WARN_DOCUMENTATION_COMMENTS = YES;
				CLANG_WARN_EMPTY_BODY = YES;
				CLANG_WARN_ENUM_CONVERSION = YES;
				CLANG_WARN_INFINITE_RECURSION = YES;
				CLANG_WARN_INT_CONVERSION = YES;
				CLANG_WARN_NON_LITERAL_NULL_CONVERSION = YES;
				CLANG_WARN_OBJC_IMPLICIT_RETAIN_SELF = YES;
				CLANG_WARN_OBJC_LITERAL_CONVERSION = YES;
				CLANG_WARN_OBJC_ROOT_CLASS = YES_ERROR;
				CLANG_WARN_QUOTED_INCLUDE_IN_FRAMEWORK_HEADER = YES;
				CLANG_WARN_RANGE_LOOP_ANALYSIS = YES;
				CLANG_WARN_STRICT_PROTOTYPES = YES;
				CLANG_WARN_SUSPICIOUS_MOVE = YES;
				CLANG_WARN_UNGUARDED_AVAILABILITY = YES_AGGRESSIVE;
				CLANG_WARN_UNREACHABLE_CODE = YES;
				CLANG_WARN__DUPLICATE_METHOD_MATCH = YES;
				COPY_PHASE_STRIP = NO;
				DEBUG_INFORMATION_FORMAT = dwarf;
				ENABLE_STRICT_OBJC_MSGSEND = YES;
				ENABLE_TESTABILITY = YES;
				GCC_C_LANGUAGE_STANDARD = gnu11;
				GCC_DYNAMIC_NO_PIC = NO;
				GCC_NO_COMMON_BLOCKS = YES;
				GCC_OPTIMIZATION_LEVEL = 0;
				GCC_PREPROCESSOR_DEFINITIONS = (
					"DEBUG=1",
					"$(inherited)",
				);
				GCC_WARN_64_TO_32_BIT_CONVERSION = YES;
				GCC_WARN_ABOUT_RETURN_TYPE = YES_ERROR;
				GCC_WARN_UNDECLARED_SELECTOR = YES;
				GCC_WARN_UNINITIALIZED_AUTOS = YES_AGGRESSIVE;
				GCC_WARN_UNUSED_FUNCTION = YES;
				GCC_WARN_UNUSED_VARIABLE = YES;
				MTL_ENABLE_DEBUG_INFO = INCLUDE_SOURCE;
				MTL_FAST_MATH = YES;
				ONLY_ACTIVE_ARCH = YES;
				SDKROOT = iphoneos;
				SWIFT_ACTIVE_COMPILATION_CONDITIONS = DEBUG;
				SWIFT_OPTIMIZATION_LEVEL = "-Onone";
			};
			name = Debug;
		};
		38B66CC92562FC6100448307 /* Release */ = {
			isa = XCBuildConfiguration;
			buildSettings = {
				ALWAYS_SEARCH_USER_PATHS = NO;
				CLANG_ANALYZER_NONNULL = YES;
				CLANG_ANALYZER_NUMBER_OBJECT_CONVERSION = YES_AGGRESSIVE;
				CLANG_CXX_LANGUAGE_STANDARD = "gnu++14";
				CLANG_CXX_LIBRARY = "libc++";
				CLANG_ENABLE_MODULES = YES;
				CLANG_ENABLE_OBJC_ARC = YES;
				CLANG_ENABLE_OBJC_WEAK = YES;
				CLANG_WARN_BLOCK_CAPTURE_AUTORELEASING = YES;
				CLANG_WARN_BOOL_CONVERSION = YES;
				CLANG_WARN_COMMA = YES;
				CLANG_WARN_CONSTANT_CONVERSION = YES;
				CLANG_WARN_DEPRECATED_OBJC_IMPLEMENTATIONS = YES;
				CLANG_WARN_DIRECT_OBJC_ISA_USAGE = YES_ERROR;
				CLANG_WARN_DOCUMENTATION_COMMENTS = YES;
				CLANG_WARN_EMPTY_BODY = YES;
				CLANG_WARN_ENUM_CONVERSION = YES;
				CLANG_WARN_INFINITE_RECURSION = YES;
				CLANG_WARN_INT_CONVERSION = YES;
				CLANG_WARN_NON_LITERAL_NULL_CONVERSION = YES;
				CLANG_WARN_OBJC_IMPLICIT_RETAIN_SELF = YES;
				CLANG_WARN_OBJC_LITERAL_CONVERSION = YES;
				CLANG_WARN_OBJC_ROOT_CLASS = YES_ERROR;
				CLANG_WARN_QUOTED_INCLUDE_IN_FRAMEWORK_HEADER = YES;
				CLANG_WARN_RANGE_LOOP_ANALYSIS = YES;
				CLANG_WARN_STRICT_PROTOTYPES = YES;
				CLANG_WARN_SUSPICIOUS_MOVE = YES;
				CLANG_WARN_UNGUARDED_AVAILABILITY = YES_AGGRESSIVE;
				CLANG_WARN_UNREACHABLE_CODE = YES;
				CLANG_WARN__DUPLICATE_METHOD_MATCH = YES;
				COPY_PHASE_STRIP = NO;
				DEBUG_INFORMATION_FORMAT = "dwarf-with-dsym";
				ENABLE_NS_ASSERTIONS = NO;
				ENABLE_STRICT_OBJC_MSGSEND = YES;
				GCC_C_LANGUAGE_STANDARD = gnu11;
				GCC_NO_COMMON_BLOCKS = YES;
				GCC_WARN_64_TO_32_BIT_CONVERSION = YES;
				GCC_WARN_ABOUT_RETURN_TYPE = YES_ERROR;
				GCC_WARN_UNDECLARED_SELECTOR = YES;
				GCC_WARN_UNINITIALIZED_AUTOS = YES_AGGRESSIVE;
				GCC_WARN_UNUSED_FUNCTION = YES;
				GCC_WARN_UNUSED_VARIABLE = YES;
				MTL_ENABLE_DEBUG_INFO = NO;
				MTL_FAST_MATH = YES;
				SDKROOT = iphoneos;
				SWIFT_COMPILATION_MODE = wholemodule;
				SWIFT_OPTIMIZATION_LEVEL = "-O";
				VALIDATE_PRODUCT = YES;
			};
			name = Release;
		};
		38B66CCB2562FC6100448307 /* Debug */ = {
			isa = XCBuildConfiguration;
			buildSettings = {
				ASSETCATALOG_COMPILER_COMPLICATION_NAME = Complication;
				CODE_SIGN_STYLE = Automatic;
				DEVELOPMENT_ASSET_PATHS = "\"BabyColors WatchKit Extension/Preview Content\"";
				DEVELOPMENT_TEAM = 3ZY7Z9DXM4;
				ENABLE_PREVIEWS = YES;
				INFOPLIST_FILE = "BabyColors WatchKit Extension/Info.plist";
				LD_RUNPATH_SEARCH_PATHS = (
					"$(inherited)",
					"@executable_path/Frameworks",
					"@executable_path/../../Frameworks",
				);
				PRODUCT_BUNDLE_IDENTIFIER = com.moraleda.BabyColors.watchkitapp.watchkitextension;
				PRODUCT_NAME = "${TARGET_NAME}";
				SDKROOT = watchos;
				SKIP_INSTALL = YES;
				SWIFT_VERSION = 5.0;
				TARGETED_DEVICE_FAMILY = 4;
				WATCHOS_DEPLOYMENT_TARGET = 7.1;
			};
			name = Debug;
		};
		38B66CCC2562FC6100448307 /* Release */ = {
			isa = XCBuildConfiguration;
			buildSettings = {
				ASSETCATALOG_COMPILER_COMPLICATION_NAME = Complication;
				CODE_SIGN_STYLE = Automatic;
				DEVELOPMENT_ASSET_PATHS = "\"BabyColors WatchKit Extension/Preview Content\"";
				DEVELOPMENT_TEAM = 3ZY7Z9DXM4;
				ENABLE_PREVIEWS = YES;
				INFOPLIST_FILE = "BabyColors WatchKit Extension/Info.plist";
				LD_RUNPATH_SEARCH_PATHS = (
					"$(inherited)",
					"@executable_path/Frameworks",
					"@executable_path/../../Frameworks",
				);
				PRODUCT_BUNDLE_IDENTIFIER = com.moraleda.BabyColors.watchkitapp.watchkitextension;
				PRODUCT_NAME = "${TARGET_NAME}";
				SDKROOT = watchos;
				SKIP_INSTALL = YES;
				SWIFT_VERSION = 5.0;
				TARGETED_DEVICE_FAMILY = 4;
				WATCHOS_DEPLOYMENT_TARGET = 7.1;
			};
			name = Release;
		};
		38B66CCF2562FC6100448307 /* Debug */ = {
			isa = XCBuildConfiguration;
			buildSettings = {
				ALWAYS_EMBED_SWIFT_STANDARD_LIBRARIES = YES;
				ASSETCATALOG_COMPILER_APPICON_NAME = AppIcon;
				ASSETCATALOG_COMPILER_GLOBAL_ACCENT_COLOR_NAME = AccentColor;
				CODE_SIGN_STYLE = Automatic;
				DEVELOPMENT_TEAM = 3ZY7Z9DXM4;
				IBSC_MODULE = BabyColors_WatchKit_Extension;
				INFOPLIST_FILE = "BabyColors WatchKit App/Info.plist";
				PRODUCT_BUNDLE_IDENTIFIER = com.moraleda.BabyColors.watchkitapp;
				PRODUCT_NAME = "$(TARGET_NAME)";
				SDKROOT = watchos;
				SKIP_INSTALL = YES;
				SWIFT_VERSION = 5.0;
				TARGETED_DEVICE_FAMILY = 4;
				WATCHOS_DEPLOYMENT_TARGET = 7.1;
			};
			name = Debug;
		};
		38B66CD02562FC6100448307 /* Release */ = {
			isa = XCBuildConfiguration;
			buildSettings = {
				ALWAYS_EMBED_SWIFT_STANDARD_LIBRARIES = YES;
				ASSETCATALOG_COMPILER_APPICON_NAME = AppIcon;
				ASSETCATALOG_COMPILER_GLOBAL_ACCENT_COLOR_NAME = AccentColor;
				CODE_SIGN_STYLE = Automatic;
				DEVELOPMENT_TEAM = 3ZY7Z9DXM4;
				IBSC_MODULE = BabyColors_WatchKit_Extension;
				INFOPLIST_FILE = "BabyColors WatchKit App/Info.plist";
				PRODUCT_BUNDLE_IDENTIFIER = com.moraleda.BabyColors.watchkitapp;
				PRODUCT_NAME = "$(TARGET_NAME)";
				SDKROOT = watchos;
				SKIP_INSTALL = YES;
				SWIFT_VERSION = 5.0;
				TARGETED_DEVICE_FAMILY = 4;
				WATCHOS_DEPLOYMENT_TARGET = 7.1;
			};
			name = Release;
		};
		38B66CD32562FC6100448307 /* Debug */ = {
			isa = XCBuildConfiguration;
			buildSettings = {
				CODE_SIGN_STYLE = Automatic;
				CURRENT_PROJECT_VERSION = 1;
				DEVELOPMENT_TEAM = 3ZY7Z9DXM4;
				MARKETING_VERSION = 1.0;
				PRODUCT_BUNDLE_IDENTIFIER = com.moraleda.BabyColors;
				PRODUCT_NAME = "$(TARGET_NAME)";
				SWIFT_VERSION = 5.0;
			};
			name = Debug;
		};
		38B66CD42562FC6100448307 /* Release */ = {
			isa = XCBuildConfiguration;
			buildSettings = {
				CODE_SIGN_STYLE = Automatic;
				CURRENT_PROJECT_VERSION = 1;
				DEVELOPMENT_TEAM = 3ZY7Z9DXM4;
				MARKETING_VERSION = 1.0;
				PRODUCT_BUNDLE_IDENTIFIER = com.moraleda.BabyColors;
				PRODUCT_NAME = "$(TARGET_NAME)";
				SWIFT_VERSION = 5.0;
			};
			name = Release;
		};
/* End XCBuildConfiguration section */

/* Begin XCConfigurationList section */
		38B66C9F2562FC5D00448307 /* Build configuration list for PBXProject "BabyColors" */ = {
			isa = XCConfigurationList;
			buildConfigurations = (
				38B66CC82562FC6100448307 /* Debug */,
				38B66CC92562FC6100448307 /* Release */,
			);
			defaultConfigurationIsVisible = 0;
			defaultConfigurationName = Release;
		};
		38B66CCA2562FC6100448307 /* Build configuration list for PBXNativeTarget "BabyColors WatchKit Extension" */ = {
			isa = XCConfigurationList;
			buildConfigurations = (
				38B66CCB2562FC6100448307 /* Debug */,
				38B66CCC2562FC6100448307 /* Release */,
			);
			defaultConfigurationIsVisible = 0;
			defaultConfigurationName = Release;
		};
		38B66CCE2562FC6100448307 /* Build configuration list for PBXNativeTarget "BabyColors WatchKit App" */ = {
			isa = XCConfigurationList;
			buildConfigurations = (
				38B66CCF2562FC6100448307 /* Debug */,
				38B66CD02562FC6100448307 /* Release */,
			);
			defaultConfigurationIsVisible = 0;
			defaultConfigurationName = Release;
		};
		38B66CD22562FC6100448307 /* Build configuration list for PBXNativeTarget "BabyColors" */ = {
			isa = XCConfigurationList;
			buildConfigurations = (
				38B66CD32562FC6100448307 /* Debug */,
				38B66CD42562FC6100448307 /* Release */,
			);
			defaultConfigurationIsVisible = 0;
			defaultConfigurationName = Release;
		};
/* End XCConfigurationList section */
	};
	rootObject = 38B66C9C2562FC5D00448307 /* Project object */;
}
